
Microsoft Visual Studio Solution File, Format Version 12.00
# Visual Studio Version 17
VisualStudioVersion = 17.5.33424.131
MinimumVisualStudioVersion = 10.0.40219.1
Project("{9A19103F-16F7-4668-BE54-9A1E7A4F7556}") = "MovieSystem.WebApi", "MovieSystem.WebApi\MovieSystem.WebApi.csproj", "{79EE333D-52AA-4D4C-813A-111B3845B742}"
EndProject
Project("{9A19103F-16F7-4668-BE54-9A1E7A4F7556}") = "MovieSystem.Infrastructure", "MovieSystem.Infrastructure\MovieSystem.Infrastructure.csproj", "{D747FA37-1744-481F-9B7F-2223E854F754}"
EndProject
Project("{9A19103F-16F7-4668-BE54-9A1E7A4F7556}") = "MovieSystem.Application", "MovieSystem.Application\MovieSystem.Application.csproj", "{CEC30382-C988-4595-A298-7B9E2497EC25}"
EndProject
Project("{9A19103F-16F7-4668-BE54-9A1E7A4F7556}") = "MoviesSystem.Domain", "MoviesSystem.Domain\MoviesSystem.Domain.csproj", "{7BADB149-3B01-435A-9C2C-D48C6189447A}"
EndProject
Global
	GlobalSection(SolutionConfigurationPlatforms) = preSolution
		Debug|Any CPU = Debug|Any CPU
		Release|Any CPU = Release|Any CPU
	EndGlobalSection
	GlobalSection(ProjectConfigurationPlatforms) = postSolution
		{79EE333D-52AA-4D4C-813A-111B3845B742}.Debug|Any CPU.ActiveCfg = Debug|Any CPU
		{79EE333D-52AA-4D4C-813A-111B3845B742}.Debug|Any CPU.Build.0 = Debug|Any CPU
		{79EE333D-52AA-4D4C-813A-111B3845B742}.Release|Any CPU.ActiveCfg = Release|Any CPU
		{79EE333D-52AA-4D4C-813A-111B3845B742}.Release|Any CPU.Build.0 = Release|Any CPU
		{D747FA37-1744-481F-9B7F-2223E854F754}.Debug|Any CPU.ActiveCfg = Debug|Any CPU
		{D747FA37-1744-481F-9B7F-2223E854F754}.Debug|Any CPU.Build.0 = Debug|Any CPU
		{D747FA37-1744-481F-9B7F-2223E854F754}.Release|Any CPU.ActiveCfg = Release|Any CPU
		{D747FA37-1744-481F-9B7F-2223E854F754}.Release|Any CPU.Build.0 = Release|Any CPU
		{CEC30382-C988-4595-A298-7B9E2497EC25}.Debug|Any CPU.ActiveCfg = Debug|Any CPU
		{CEC30382-C988-4595-A298-7B9E2497EC25}.Debug|Any CPU.Build.0 = Debug|Any CPU
		{CEC30382-C988-4595-A298-7B9E2497EC25}.Release|Any CPU.ActiveCfg = Release|Any CPU
		{CEC30382-C988-4595-A298-7B9E2497EC25}.Release|Any CPU.Build.0 = Release|Any CPU
		{7BADB149-3B01-435A-9C2C-D48C6189447A}.Debug|Any CPU.ActiveCfg = Debug|Any CPU
		{7BADB149-3B01-435A-9C2C-D48C6189447A}.Debug|Any CPU.Build.0 = Debug|Any CPU
		{7BADB149-3B01-435A-9C2C-D48C6189447A}.Release|Any CPU.ActiveCfg = Release|Any CPU
		{7BADB149-3B01-435A-9C2C-D48C6189447A}.Release|Any CPU.Build.0 = Release|Any CPU
	EndGlobalSection
	GlobalSection(SolutionProperties) = preSolution
		HideSolutionNode = FALSE
	EndGlobalSection
	GlobalSection(ExtensibilityGlobals) = postSolution
		SolutionGuid = {10D2C7C9-FFB7-498A-80AD-52F69C5ADA57}
	EndGlobalSection
EndGlobal
